
Microsoft Visual Studio Solution File, Format Version 12.00
Project("{FAE04EC0-301F-11D3-BF4B-00C04F79EFBC}") = "VehicleRegistration", "VehicleRegistration\VehicleRegistration.csproj", "{07F1112B-804F-4735-A7C9-8BAF48703BE7}"
EndProject
Project("{FAE04EC0-301F-11D3-BF4B-00C04F79EFBC}") = "VehicleRegistration.Tests", "VehicleRegistration.Tests\VehicleRegistration.Tests.csproj", "{B7BFBA22-6F7D-4B8E-B1DB-548C15B0ECDD}"
EndProject
Global
	GlobalSection(SolutionConfigurationPlatforms) = preSolution
		Debug|Any CPU = Debug|Any CPU
		Release|Any CPU = Release|Any CPU
	EndGlobalSection
	GlobalSection(ProjectConfigurationPlatforms) = postSolution
		{07F1112B-804F-4735-A7C9-8BAF48703BE7}.Debug|Any CPU.ActiveCfg = Debug|Any CPU
		{07F1112B-804F-4735-A7C9-8BAF48703BE7}.Debug|Any CPU.Build.0 = Debug|Any CPU
		{07F1112B-804F-4735-A7C9-8BAF48703BE7}.Release|Any CPU.ActiveCfg = Release|Any CPU
		{07F1112B-804F-4735-A7C9-8BAF48703BE7}.Release|Any CPU.Build.0 = Release|Any CPU
		{B7BFBA22-6F7D-4B8E-B1DB-548C15B0ECDD}.Debug|Any CPU.ActiveCfg = Debug|Any CPU
		{B7BFBA22-6F7D-4B8E-B1DB-548C15B0ECDD}.Debug|Any CPU.Build.0 = Debug|Any CPU
		{B7BFBA22-6F7D-4B8E-B1DB-548C15B0ECDD}.Release|Any CPU.ActiveCfg = Release|Any CPU
		{B7BFBA22-6F7D-4B8E-B1DB-548C15B0ECDD}.Release|Any CPU.Build.0 = Release|Any CPU
	EndGlobalSection
EndGlobal
